
Microsoft Visual Studio Solution File, Format Version 12.00
# Visual Studio Version 17
VisualStudioVersion = 17.1.32328.378
MinimumVisualStudioVersion = 10.0.40219.1
Project("{FAE04EC0-301F-11D3-BF4B-00C04F79EFBC}") = "CollectionsDemo", "CollectionsDemo.csproj", "{623D0A09-D732-422F-9687-7E64FC57EEDC}"
EndProject
Global
	GlobalSection(SolutionConfigurationPlatforms) = preSolution
		Debug|Any CPU = Debug|Any CPU
		Release|Any CPU = Release|Any CPU
	EndGlobalSection
	GlobalSection(ProjectConfigurationPlatforms) = postSolution
		{623D0A09-D732-422F-9687-7E64FC57EEDC}.Debug|Any CPU.ActiveCfg = Debug|Any CPU
		{623D0A09-D732-422F-9687-7E64FC57EEDC}.Debug|Any CPU.Build.0 = Debug|Any CPU
		{623D0A09-D732-422F-9687-7E64FC57EEDC}.Release|Any CPU.ActiveCfg = Release|Any CPU
		{623D0A09-D732-422F-9687-7E64FC57EEDC}.Release|Any CPU.Build.0 = Release|Any CPU
	EndGlobalSection
	GlobalSection(SolutionProperties) = preSolution
		HideSolutionNode = FALSE
	EndGlobalSection
	GlobalSection(ExtensibilityGlobals) = postSolution
		SolutionGuid = {B5333DC9-1FBC-4071-9DB4-1900EBB514EA}
	EndGlobalSection
EndGlobal
